
Microsoft Visual Studio Solution File, Format Version 12.00
# Visual Studio Version 17
VisualStudioVersion = 17.14.36518.9 d17.14
MinimumVisualStudioVersion = 10.0.40219.1
Project("{FAE04EC0-301F-11D3-BF4B-00C04F79EFBC}") = "MinQQClient", "MinQQClient.csproj", "{CF13E46B-70FE-4A15-A858-0A6CA5C8765D}"
EndProject
Project("{FAE04EC0-301F-11D3-BF4B-00C04F79EFBC}") = "MinQQServer", "..\MinQQServer\MinQQServer.csproj", "{A9E561F7-10D9-4369-A949-840C43863405}"
EndProject
Global
	GlobalSection(SolutionConfigurationPlatforms) = preSolution
		Debug|Any CPU = Debug|Any CPU
		Release|Any CPU = Release|Any CPU
	EndGlobalSection
	GlobalSection(ProjectConfigurationPlatforms) = postSolution
		{CF13E46B-70FE-4A15-A858-0A6CA5C8765D}.Debug|Any CPU.ActiveCfg = Debug|Any CPU
		{CF13E46B-70FE-4A15-A858-0A6CA5C8765D}.Debug|Any CPU.Build.0 = Debug|Any CPU
		{CF13E46B-70FE-4A15-A858-0A6CA5C8765D}.Release|Any CPU.ActiveCfg = Release|Any CPU
		{CF13E46B-70FE-4A15-A858-0A6CA5C8765D}.Release|Any CPU.Build.0 = Release|Any CPU
		{A9E561F7-10D9-4369-A949-840C43863405}.Debug|Any CPU.ActiveCfg = Debug|Any CPU
		{A9E561F7-10D9-4369-A949-840C43863405}.Debug|Any CPU.Build.0 = Debug|Any CPU
		{A9E561F7-10D9-4369-A949-840C43863405}.Release|Any CPU.ActiveCfg = Release|Any CPU
		{A9E561F7-10D9-4369-A949-840C43863405}.Release|Any CPU.Build.0 = Release|Any CPU
	EndGlobalSection
	GlobalSection(SolutionProperties) = preSolution
		HideSolutionNode = FALSE
	EndGlobalSection
	GlobalSection(ExtensibilityGlobals) = postSolution
		SolutionGuid = {175A3639-BBC4-4412-84D5-08B3869295A0}
	EndGlobalSection
EndGlobal
